
Microsoft Visual Studio Solution File, Format Version 12.00
# Visual Studio Version 17
VisualStudioVersion = 17.7.34031.279
MinimumVisualStudioVersion = 10.0.40219.1
Project("{8BC9CEB8-8B4A-11D0-8D11-00A0C91BC942}") = "cp a6 p5", "cp a6 p5.vcxproj", "{BBFCCB5C-DE95-46E4-B404-602953C99F02}"
EndProject
Global
	GlobalSection(SolutionConfigurationPlatforms) = preSolution
		Debug|x64 = Debug|x64
		Debug|x86 = Debug|x86
		Release|x64 = Release|x64
		Release|x86 = Release|x86
	EndGlobalSection
	GlobalSection(ProjectConfigurationPlatforms) = postSolution
		{BBFCCB5C-DE95-46E4-B404-602953C99F02}.Debug|x64.ActiveCfg = Debug|x64
		{BBFCCB5C-DE95-46E4-B404-602953C99F02}.Debug|x64.Build.0 = Debug|x64
		{BBFCCB5C-DE95-46E4-B404-602953C99F02}.Debug|x86.ActiveCfg = Debug|Win32
		{BBFCCB5C-DE95-46E4-B404-602953C99F02}.Debug|x86.Build.0 = Debug|Win32
		{BBFCCB5C-DE95-46E4-B404-602953C99F02}.Release|x64.ActiveCfg = Release|x64
		{BBFCCB5C-DE95-46E4-B404-602953C99F02}.Release|x64.Build.0 = Release|x64
		{BBFCCB5C-DE95-46E4-B404-602953C99F02}.Release|x86.ActiveCfg = Release|Win32
		{BBFCCB5C-DE95-46E4-B404-602953C99F02}.Release|x86.Build.0 = Release|Win32
	EndGlobalSection
	GlobalSection(SolutionProperties) = preSolution
		HideSolutionNode = FALSE
	EndGlobalSection
	GlobalSection(ExtensibilityGlobals) = postSolution
		SolutionGuid = {EAFF5C5D-5945-4A0B-809A-DD56879BE8BF}
	EndGlobalSection
EndGlobal
